
Microsoft Visual Studio Solution File, Format Version 12.00
# Visual Studio Version 17
VisualStudioVersion = 17.5.33627.172
MinimumVisualStudioVersion = 10.0.40219.1
Project("{2150E333-8FDC-42A3-9474-1A3956D46DE8}") = "ADMIN", "ADMIN", "{246A55A9-401F-4C03-B27B-852C011A7CEC}"
EndProject
Project("{2150E333-8FDC-42A3-9474-1A3956D46DE8}") = "WEB", "WEB", "{6BFBCB25-28E4-4485-BE94-C1F170E37E69}"
EndProject
Project("{9A19103F-16F7-4668-BE54-9A1E7A4F7556}") = "Eletron.Blazor.Spa", "Blazor.Spa\Eletron.Blazor.Spa.csproj", "{D93FF70F-2029-4833-A96A-F56E8D73D14F}"
EndProject
Project("{2150E333-8FDC-42A3-9474-1A3956D46DE8}") = "SERVER", "SERVER", "{42068754-CE57-4546-B4B1-790176EA8386}"
EndProject
Project("{2150E333-8FDC-42A3-9474-1A3956D46DE8}") = "WEB", "WEB", "{5CD2C240-E856-43A8-B5B3-7F41608A720B}"
EndProject
Project("{9A19103F-16F7-4668-BE54-9A1E7A4F7556}") = "Eletron.Api", "Api\Eletron.Api.csproj", "{578FBD3C-AA71-4C80-B2A4-CFFB481C3276}"
EndProject
Project("{2150E333-8FDC-42A3-9474-1A3956D46DE8}") = "SHARED", "SHARED", "{792A634B-1A57-4850-BB20-89994E66FB01}"
EndProject
Project("{9A19103F-16F7-4668-BE54-9A1E7A4F7556}") = "Shared", "Shared\Shared.csproj", "{5E458A9A-F871-4CD5-8DC9-4969B6DAD526}"
EndProject
Project("{9A19103F-16F7-4668-BE54-9A1E7A4F7556}") = "Eletron.Blazor.Ssr", "Blazor.Ssr\Eletron.Blazor.Ssr.csproj", "{E07350C8-8AFB-4D29-A37A-2CBBC6F8DCB0}"
EndProject
Project("{2150E333-8FDC-42A3-9474-1A3956D46DE8}") = "CORE", "CORE", "{3C40F271-A1B7-4951-824B-55C5BEE517DA}"
EndProject
Project("{9A19103F-16F7-4668-BE54-9A1E7A4F7556}") = "Eletron.Application", "..\..\weltom\metalcoin\CORE\MetalCoin.Application\Eletron.Application.csproj", "{2E075CA6-73F2-487B-BB9C-4BB3D9A147CB}"
EndProject
Project("{9A19103F-16F7-4668-BE54-9A1E7A4F7556}") = "Eletron.Core", "..\..\weltom\metalcoin\CORE\Metalcoin.Core\Eletron.Core.csproj", "{6DDB60F0-9B1C-4A40-A881-E6070BBC409D}"
EndProject
Project("{2150E333-8FDC-42A3-9474-1A3956D46DE8}") = "INFRA", "INFRA", "{69F7FA78-4DC9-4964-B9FD-A753E94FC197}"
EndProject
Project("{9A19103F-16F7-4668-BE54-9A1E7A4F7556}") = "Eletron.Infra", "..\..\weltom\metalcoin\INFRA\MetalCoin.Infra\Eletron.Infra.csproj", "{4D546F53-EF37-4729-9752-CE7FC0DEFAA8}"
EndProject
Global
	GlobalSection(SolutionConfigurationPlatforms) = preSolution
		Debug|Any CPU = Debug|Any CPU
		Release|Any CPU = Release|Any CPU
	EndGlobalSection
	GlobalSection(ProjectConfigurationPlatforms) = postSolution
		{D93FF70F-2029-4833-A96A-F56E8D73D14F}.Debug|Any CPU.ActiveCfg = Debug|Any CPU
		{D93FF70F-2029-4833-A96A-F56E8D73D14F}.Debug|Any CPU.Build.0 = Debug|Any CPU
		{D93FF70F-2029-4833-A96A-F56E8D73D14F}.Release|Any CPU.ActiveCfg = Release|Any CPU
		{D93FF70F-2029-4833-A96A-F56E8D73D14F}.Release|Any CPU.Build.0 = Release|Any CPU
		{578FBD3C-AA71-4C80-B2A4-CFFB481C3276}.Debug|Any CPU.ActiveCfg = Debug|Any CPU
		{578FBD3C-AA71-4C80-B2A4-CFFB481C3276}.Debug|Any CPU.Build.0 = Debug|Any CPU
		{578FBD3C-AA71-4C80-B2A4-CFFB481C3276}.Release|Any CPU.ActiveCfg = Release|Any CPU
		{578FBD3C-AA71-4C80-B2A4-CFFB481C3276}.Release|Any CPU.Build.0 = Release|Any CPU
		{5E458A9A-F871-4CD5-8DC9-4969B6DAD526}.Debug|Any CPU.ActiveCfg = Debug|Any CPU
		{5E458A9A-F871-4CD5-8DC9-4969B6DAD526}.Debug|Any CPU.Build.0 = Debug|Any CPU
		{5E458A9A-F871-4CD5-8DC9-4969B6DAD526}.Release|Any CPU.ActiveCfg = Release|Any CPU
		{5E458A9A-F871-4CD5-8DC9-4969B6DAD526}.Release|Any CPU.Build.0 = Release|Any CPU
		{E07350C8-8AFB-4D29-A37A-2CBBC6F8DCB0}.Debug|Any CPU.ActiveCfg = Debug|Any CPU
		{E07350C8-8AFB-4D29-A37A-2CBBC6F8DCB0}.Debug|Any CPU.Build.0 = Debug|Any CPU
		{E07350C8-8AFB-4D29-A37A-2CBBC6F8DCB0}.Release|Any CPU.ActiveCfg = Release|Any CPU
		{E07350C8-8AFB-4D29-A37A-2CBBC6F8DCB0}.Release|Any CPU.Build.0 = Release|Any CPU
		{2E075CA6-73F2-487B-BB9C-4BB3D9A147CB}.Debug|Any CPU.ActiveCfg = Debug|Any CPU
		{2E075CA6-73F2-487B-BB9C-4BB3D9A147CB}.Debug|Any CPU.Build.0 = Debug|Any CPU
		{2E075CA6-73F2-487B-BB9C-4BB3D9A147CB}.Release|Any CPU.ActiveCfg = Release|Any CPU
		{2E075CA6-73F2-487B-BB9C-4BB3D9A147CB}.Release|Any CPU.Build.0 = Release|Any CPU
		{6DDB60F0-9B1C-4A40-A881-E6070BBC409D}.Debug|Any CPU.ActiveCfg = Debug|Any CPU
		{6DDB60F0-9B1C-4A40-A881-E6070BBC409D}.Debug|Any CPU.Build.0 = Debug|Any CPU
		{6DDB60F0-9B1C-4A40-A881-E6070BBC409D}.Release|Any CPU.ActiveCfg = Release|Any CPU
		{6DDB60F0-9B1C-4A40-A881-E6070BBC409D}.Release|Any CPU.Build.0 = Release|Any CPU
		{4D546F53-EF37-4729-9752-CE7FC0DEFAA8}.Debug|Any CPU.ActiveCfg = Debug|Any CPU
		{4D546F53-EF37-4729-9752-CE7FC0DEFAA8}.Debug|Any CPU.Build.0 = Debug|Any CPU
		{4D546F53-EF37-4729-9752-CE7FC0DEFAA8}.Release|Any CPU.ActiveCfg = Release|Any CPU
		{4D546F53-EF37-4729-9752-CE7FC0DEFAA8}.Release|Any CPU.Build.0 = Release|Any CPU
	EndGlobalSection
	GlobalSection(SolutionProperties) = preSolution
		HideSolutionNode = FALSE
	EndGlobalSection
	GlobalSection(NestedProjects) = preSolution
		{6BFBCB25-28E4-4485-BE94-C1F170E37E69} = {246A55A9-401F-4C03-B27B-852C011A7CEC}
		{D93FF70F-2029-4833-A96A-F56E8D73D14F} = {6BFBCB25-28E4-4485-BE94-C1F170E37E69}
		{5CD2C240-E856-43A8-B5B3-7F41608A720B} = {42068754-CE57-4546-B4B1-790176EA8386}
		{578FBD3C-AA71-4C80-B2A4-CFFB481C3276} = {5CD2C240-E856-43A8-B5B3-7F41608A720B}
		{5E458A9A-F871-4CD5-8DC9-4969B6DAD526} = {792A634B-1A57-4850-BB20-89994E66FB01}
		{E07350C8-8AFB-4D29-A37A-2CBBC6F8DCB0} = {5CD2C240-E856-43A8-B5B3-7F41608A720B}
		{2E075CA6-73F2-487B-BB9C-4BB3D9A147CB} = {3C40F271-A1B7-4951-824B-55C5BEE517DA}
		{6DDB60F0-9B1C-4A40-A881-E6070BBC409D} = {3C40F271-A1B7-4951-824B-55C5BEE517DA}
		{4D546F53-EF37-4729-9752-CE7FC0DEFAA8} = {69F7FA78-4DC9-4964-B9FD-A753E94FC197}
	EndGlobalSection
	GlobalSection(ExtensibilityGlobals) = postSolution
		SolutionGuid = {32ED23CE-7771-42DC-98A7-CECF9C718A80}
	EndGlobalSection
EndGlobal
